{
  "name": "stitching",
  "version": "0.0.0",
  "lockfileVersion": 2,
  "requires": true,
  "packages": {
    "": {
      "name": "stitching",
      "version": "0.0.0",
      "license": "MIT",
      "dependencies": {
        "@graphql-inspector/core": "^3.1.2",
        "@graphql-tools/schema": "^8.3.1",
        "@graphql-tools/stitch": "^8.4.3",
        "@graphql-tools/wrap": "^8.3.3",
        "buffer": "^6.0.3",
        "core-js": "^3.26.1",
        "google-protobuf": "^3.21.2",
        "graphql": "^15.4.0"
      }
    },
    "node_modules/@graphql-inspector/core": {
      "version": "3.1.2",
      "resolved": "https://registry.npmjs.org/@graphql-inspector/core/-/core-3.1.2.tgz",
      "integrity": "sha512-f+w1LG6JkGuORBVZM9ZM4j/nT2TgPZwk40m7XutWozNKZpguVG8ChQsldAzb9xPpRZ6Qj/qRfMYMyiA4AAqQbg==",
      "dependencies": {
        "dependency-graph": "0.11.0",
        "object-inspect": "1.10.3",
        "tslib": "^2.0.0"
      },
      "peerDependencies": {
        "graphql": "^0.13.0 || ^14.0.0 || ^15.0.0 || ^16.0.0"
      }
    },
    "node_modules/@graphql-tools/batch-delegate": {
      "version": "8.2.9",
      "resolved": "https://registry.npmjs.org/@graphql-tools/batch-delegate/-/batch-delegate-8.2.9.tgz",
      "integrity": "sha512-om+XS40Ii1J/BHKwCQBoCDlxgOlBZSpLg9TxrNk/iNis3nYjCXAJ0D7wrrJ47TZ/l0kHg28JjzWvlR+mYfM6AA==",
      "dependencies": {
        "@graphql-tools/delegate": "8.7.0",
        "@graphql-tools/utils": "8.6.5",
        "dataloader": "2.0.0",
        "tslib": "~2.3.0"
      },
      "peerDependencies": {
        "graphql": "^14.0.0 || ^15.0.0 || ^16.0.0"
      }
    },
    "node_modules/@graphql-tools/batch-execute": {
      "version": "8.4.1",
      "resolved": "https://registry.npmjs.org/@graphql-tools/batch-execute/-/batch-execute-8.4.1.tgz",
      "integrity": "sha512-63+lNWrwXmofjZVa7ML+n9CBviClF3K+RP3Xx3hxGQ8BrhvB1pWS1yzaUZqrkiiKdTu1v3mJGVfmooHwzlyPwQ==",
      "dependencies": {
        "@graphql-tools/utils": "8.6.5",
        "dataloader": "2.0.0",
        "tslib": "~2.3.0",
        "value-or-promise": "1.0.11"
      },
      "peerDependencies": {
        "graphql": "^14.0.0 || ^15.0.0 || ^16.0.0"
      }
    },
    "node_modules/@graphql-tools/delegate": {
      "version": "8.7.0",
      "resolved": "https://registry.npmjs.org/@graphql-tools/delegate/-/delegate-8.7.0.tgz",
      "integrity": "sha512-tsmNFV8nVvPY2nApCj69ck32/Jdj44rYbUZx+cpyUWOzfbUT1iu0d1mUwn5UeHuGnB+Bzgn3fuTypg97mDEyEw==",
      "dependencies": {
        "@graphql-tools/batch-execute": "8.4.1",
        "@graphql-tools/schema": "8.3.5",
        "@graphql-tools/utils": "8.6.5",
        "dataloader": "2.0.0",
        "graphql-executor": "0.0.22",
        "tslib": "~2.3.0",
        "value-or-promise": "1.0.11"
      },
      "peerDependencies": {
        "graphql": "^14.0.0 || ^15.0.0 || ^16.0.0"
      }
    },
    "node_modules/@graphql-tools/merge": {
      "version": "8.2.6",
      "resolved": "https://registry.npmjs.org/@graphql-tools/merge/-/merge-8.2.6.tgz",
      "integrity": "sha512-dkwTm4czMISi/Io47IVvq2Fl9q4TIGKpJ0VZjuXYdEFkECyH6A5uwxZfPVandZG+gQs8ocFFoa6RisiUJLZrJw==",
      "dependencies": {
        "@graphql-tools/utils": "8.6.5",
        "tslib": "~2.3.0"
      },
      "peerDependencies": {
        "graphql": "^14.0.0 || ^15.0.0 || ^16.0.0"
      }
    },
    "node_modules/@graphql-tools/schema": {
      "version": "8.3.5",
      "resolved": "https://registry.npmjs.org/@graphql-tools/schema/-/schema-8.3.5.tgz",
      "integrity": "sha512-3mJ/K7TdL+fnEUtCUqF4qkh1fcNMzaxgwKgO9fSYSTS7zyT16hbi5XSulSTshygHgaD2u+MO588iR4ZJcbZcIg==",
      "dependencies": {
        "@graphql-tools/merge": "8.2.6",
        "@graphql-tools/utils": "8.6.5",
        "tslib": "~2.3.0",
        "value-or-promise": "1.0.11"
      },
      "peerDependencies": {
        "graphql": "^14.0.0 || ^15.0.0 || ^16.0.0"
      }
    },
    "node_modules/@graphql-tools/stitch": {
      "version": "8.6.2",
      "resolved": "https://registry.npmjs.org/@graphql-tools/stitch/-/stitch-8.6.2.tgz",
      "integrity": "sha512-D4oyC1zzBI21PwsRclAx05zoI6sD/0plqQEuqUbsjMiWu4zAOb1wxVjvOMeZZlRztPiIDX2FNMnWfg5C9pozIg==",
      "dependencies": {
        "@graphql-tools/batch-delegate": "8.2.9",
        "@graphql-tools/delegate": "8.7.0",
        "@graphql-tools/merge": "8.2.6",
        "@graphql-tools/schema": "8.3.5",
        "@graphql-tools/utils": "8.6.5",
        "@graphql-tools/wrap": "8.4.9",
        "tslib": "~2.3.0",
        "value-or-promise": "^1.0.11"
      },
      "peerDependencies": {
        "graphql": "^14.0.0 || ^15.0.0 || ^16.0.0"
      }
    },
    "node_modules/@graphql-tools/utils": {
      "version": "8.6.5",
      "resolved": "https://registry.npmjs.org/@graphql-tools/utils/-/utils-8.6.5.tgz",
      "integrity": "sha512-mjOtaWiS2WIqRz/cq5gaeM3sVrllcu2xbtHROw1su1v3xWa3D3dKgn8Lrl7+tvWs5WUVySsBss/VZ3WdoPkCrA==",
      "dependencies": {
        "tslib": "~2.3.0"
      },
      "peerDependencies": {
        "graphql": "^14.0.0 || ^15.0.0 || ^16.0.0"
      }
    },
    "node_modules/@graphql-tools/wrap": {
      "version": "8.4.9",
      "resolved": "https://registry.npmjs.org/@graphql-tools/wrap/-/wrap-8.4.9.tgz",
      "integrity": "sha512-YFb34itVWyE3sMifvPRqvYjXYpjJle2hkq9nIELQOumc1yqxT7jf/+YnNZalS1DoOdWn4GbDmqO/uljf6AuuDA==",
      "dependencies": {
        "@graphql-tools/delegate": "8.7.0",
        "@graphql-tools/schema": "8.3.5",
        "@graphql-tools/utils": "8.6.5",
        "tslib": "~2.3.0",
        "value-or-promise": "1.0.11"
      },
      "peerDependencies": {
        "graphql": "^14.0.0 || ^15.0.0 || ^16.0.0"
      }
    },
    "node_modules/base64-js": {
      "version": "1.5.1",
      "resolved": "https://registry.npmjs.org/base64-js/-/base64-js-1.5.1.tgz",
      "integrity": "sha512-AKpaYlHn8t4SVbOHCy+b5+KKgvR4vrsD8vbvrbiQJps7fKDTkjkDry6ji0rUJjC0kzbNePLwzxq8iypo41qeWA==",
      "funding": [
        {
          "type": "github",
          "url": "https://github.com/sponsors/feross"
        },
        {
          "type": "patreon",
          "url": "https://www.patreon.com/feross"
        },
        {
          "type": "consulting",
          "url": "https://feross.org/support"
        }
      ]
    },
    "node_modules/buffer": {
      "version": "6.0.3",
      "resolved": "https://registry.npmjs.org/buffer/-/buffer-6.0.3.tgz",
      "integrity": "sha512-FTiCpNxtwiZZHEZbcbTIcZjERVICn9yq/pDFkTl95/AxzD1naBctN7YO68riM/gLSDY7sdrMby8hofADYuuqOA==",
      "funding": [
        {
          "type": "github",
          "url": "https://github.com/sponsors/feross"
        },
        {
          "type": "patreon",
          "url": "https://www.patreon.com/feross"
        },
        {
          "type": "consulting",
          "url": "https://feross.org/support"
        }
      ],
      "dependencies": {
        "base64-js": "^1.3.1",
        "ieee754": "^1.2.1"
      }
    },
    "node_modules/core-js": {
      "version": "3.27.1",
      "resolved": "https://registry.npmjs.org/core-js/-/core-js-3.27.1.tgz",
      "integrity": "sha512-GutwJLBChfGCpwwhbYoqfv03LAfmiz7e7D/BNxzeMxwQf10GRSzqiOjx7AmtEk+heiD/JWmBuyBPgFtx0Sg1ww==",
      "hasInstallScript": true,
      "funding": {
        "type": "opencollective",
        "url": "https://opencollective.com/core-js"
      }
    },
    "node_modules/dataloader": {
      "version": "2.0.0",
      "resolved": "https://registry.npmjs.org/dataloader/-/dataloader-2.0.0.tgz",
      "integrity": "sha512-YzhyDAwA4TaQIhM5go+vCLmU0UikghC/t9DTQYZR2M/UvZ1MdOhPezSDZcjj9uqQJOMqjLcpWtyW2iNINdlatQ=="
    },
    "node_modules/dependency-graph": {
      "version": "0.11.0",
      "resolved": "https://registry.npmjs.org/dependency-graph/-/dependency-graph-0.11.0.tgz",
      "integrity": "sha512-JeMq7fEshyepOWDfcfHK06N3MhyPhz++vtqWhMT5O9A3K42rdsEDpfdVqjaqaAhsw6a+ZqeDvQVtD0hFHQWrzg==",
      "engines": {
        "node": ">= 0.6.0"
      }
    },
    "node_modules/google-protobuf": {
      "version": "3.21.2",
      "resolved": "https://registry.npmjs.org/google-protobuf/-/google-protobuf-3.21.2.tgz",
      "integrity": "sha512-3MSOYFO5U9mPGikIYCzK0SaThypfGgS6bHqrUGXG3DPHCrb+txNqeEcns1W0lkGfk0rCyNXm7xB9rMxnCiZOoA=="
    },
    "node_modules/graphql": {
      "version": "15.8.0",
      "resolved": "https://registry.npmjs.org/graphql/-/graphql-15.8.0.tgz",
      "integrity": "sha512-5gghUc24tP9HRznNpV2+FIoq3xKkj5dTQqf4v0CpdPbFVwFkWoxOM+o+2OC9ZSvjEMTjfmG9QT+gcvggTwW1zw==",
      "engines": {
        "node": ">= 10.x"
      }
    },
    "node_modules/graphql-executor": {
      "version": "0.0.22",
      "resolved": "https://registry.npmjs.org/graphql-executor/-/graphql-executor-0.0.22.tgz",
      "integrity": "sha512-WbKSnSHFn6REKKH4T6UAwDM3mLUnYMQlQLNG0Fw+Lkb3ilCnL3m5lkJ7411LAI9sF7BvPbthovVZhsEUh9Xfag==",
      "engines": {
        "node": "^12.22.0 || ^14.16.0 || >=16.0.0"
      },
      "peerDependencies": {
        "graphql": "^15.0.0 || ^16.0.0"
      }
    },
    "node_modules/ieee754": {
      "version": "1.2.1",
      "resolved": "https://registry.npmjs.org/ieee754/-/ieee754-1.2.1.tgz",
      "integrity": "sha512-dcyqhDvX1C46lXZcVqCpK+FtMRQVdIMN6/Df5js2zouUsqG7I6sFxitIC+7KYK29KdXOLHdu9zL4sFnoVQnqaA==",
      "funding": [
        {
          "type": "github",
          "url": "https://github.com/sponsors/feross"
        },
        {
          "type": "patreon",
          "url": "https://www.patreon.com/feross"
        },
        {
          "type": "consulting",
          "url": "https://feross.org/support"
        }
      ]
    },
    "node_modules/object-inspect": {
      "version": "1.10.3",
      "resolved": "https://registry.npmjs.org/object-inspect/-/object-inspect-1.10.3.tgz",
      "integrity": "sha512-e5mCJlSH7poANfC8z8S9s9S2IN5/4Zb3aZ33f5s8YqoazCFzNLloLU8r5VCG+G7WoqLvAAZoVMcy3tp/3X0Plw==",
      "funding": {
        "url": "https://github.com/sponsors/ljharb"
      }
    },
    "node_modules/tslib": {
      "version": "2.3.1",
      "resolved": "https://registry.npmjs.org/tslib/-/tslib-2.3.1.tgz",
      "integrity": "sha512-77EbyPPpMz+FRFRuAFlWMtmgUWGe9UOG2Z25NqCwiIjRhOf5iKGuzSe5P2w1laq+FkRy4p+PCuVkJSGkzTEKVw=="
    },
    "node_modules/value-or-promise": {
      "version": "1.0.11",
      "resolved": "https://registry.npmjs.org/value-or-promise/-/value-or-promise-1.0.11.tgz",
      "integrity": "sha512-41BrgH+dIbCFXClcSapVs5M6GkENd3gQOJpEfPDNa71LsUGMXDL0jMWpI/Rh7WhX+Aalfz2TTS3Zt5pUsbnhLg==",
      "engines": {
        "node": ">=12"
      }
    }
  },
  "dependencies": {
    "@graphql-inspector/core": {
      "version": "3.1.2",
      "resolved": "https://registry.npmjs.org/@graphql-inspector/core/-/core-3.1.2.tgz",
      "integrity": "sha512-f+w1LG6JkGuORBVZM9ZM4j/nT2TgPZwk40m7XutWozNKZpguVG8ChQsldAzb9xPpRZ6Qj/qRfMYMyiA4AAqQbg==",
      "requires": {
        "dependency-graph": "0.11.0",
        "object-inspect": "1.10.3",
        "tslib": "^2.0.0"
      }
    },
    "@graphql-tools/batch-delegate": {
      "version": "8.2.9",
      "resolved": "https://registry.npmjs.org/@graphql-tools/batch-delegate/-/batch-delegate-8.2.9.tgz",
      "integrity": "sha512-om+XS40Ii1J/BHKwCQBoCDlxgOlBZSpLg9TxrNk/iNis3nYjCXAJ0D7wrrJ47TZ/l0kHg28JjzWvlR+mYfM6AA==",
      "requires": {
        "@graphql-tools/delegate": "8.7.0",
        "@graphql-tools/utils": "8.6.5",
        "dataloader": "2.0.0",
        "tslib": "~2.3.0"
      }
    },
    "@graphql-tools/batch-execute": {
      "version": "8.4.1",
      "resolved": "https://registry.npmjs.org/@graphql-tools/batch-execute/-/batch-execute-8.4.1.tgz",
      "integrity": "sha512-63+lNWrwXmofjZVa7ML+n9CBviClF3K+RP3Xx3hxGQ8BrhvB1pWS1yzaUZqrkiiKdTu1v3mJGVfmooHwzlyPwQ==",
      "requires": {
        "@graphql-tools/utils": "8.6.5",
        "dataloader": "2.0.0",
        "tslib": "~2.3.0",
        "value-or-promise": "1.0.11"
      }
    },
    "@graphql-tools/delegate": {
      "version": "8.7.0",
      "resolved": "https://registry.npmjs.org/@graphql-tools/delegate/-/delegate-8.7.0.tgz",
      "integrity": "sha512-tsmNFV8nVvPY2nApCj69ck32/Jdj44rYbUZx+cpyUWOzfbUT1iu0d1mUwn5UeHuGnB+Bzgn3fuTypg97mDEyEw==",
      "requires": {
        "@graphql-tools/batch-execute": "8.4.1",
        "@graphql-tools/schema": "8.3.5",
        "@graphql-tools/utils": "8.6.5",
        "dataloader": "2.0.0",
        "graphql-executor": "0.0.22",
        "tslib": "~2.3.0",
        "value-or-promise": "1.0.11"
      }
    },
    "@graphql-tools/merge": {
      "version": "8.2.6",
      "resolved": "https://registry.npmjs.org/@graphql-tools/merge/-/merge-8.2.6.tgz",
      "integrity": "sha512-dkwTm4czMISi/Io47IVvq2Fl9q4TIGKpJ0VZjuXYdEFkECyH6A5uwxZfPVandZG+gQs8ocFFoa6RisiUJLZrJw==",
      "requires": {
        "@graphql-tools/utils": "8.6.5",
        "tslib": "~2.3.0"
      }
    },
    "@graphql-tools/schema": {
      "version": "8.3.5",
      "resolved": "https://registry.npmjs.org/@graphql-tools/schema/-/schema-8.3.5.tgz",
      "integrity": "sha512-3mJ/K7TdL+fnEUtCUqF4qkh1fcNMzaxgwKgO9fSYSTS7zyT16hbi5XSulSTshygHgaD2u+MO588iR4ZJcbZcIg==",
      "requires": {
        "@graphql-tools/merge": "8.2.6",
        "@graphql-tools/utils": "8.6.5",
        "tslib": "~2.3.0",
        "value-or-promise": "1.0.11"
      }
    },
    "@graphql-tools/stitch": {
      "version": "8.6.2",
      "resolved": "https://registry.npmjs.org/@graphql-tools/stitch/-/stitch-8.6.2.tgz",
      "integrity": "sha512-D4oyC1zzBI21PwsRclAx05zoI6sD/0plqQEuqUbsjMiWu4zAOb1wxVjvOMeZZlRztPiIDX2FNMnWfg5C9pozIg==",
      "requires": {
        "@graphql-tools/batch-delegate": "8.2.9",
        "@graphql-tools/delegate": "8.7.0",
        "@graphql-tools/merge": "8.2.6",
        "@graphql-tools/schema": "8.3.5",
        "@graphql-tools/utils": "8.6.5",
        "@graphql-tools/wrap": "8.4.9",
        "tslib": "~2.3.0",
        "value-or-promise": "^1.0.11"
      }
    },
    "@graphql-tools/utils": {
      "version": "8.6.5",
      "resolved": "https://registry.npmjs.org/@graphql-tools/utils/-/utils-8.6.5.tgz",
      "integrity": "sha512-mjOtaWiS2WIqRz/cq5gaeM3sVrllcu2xbtHROw1su1v3xWa3D3dKgn8Lrl7+tvWs5WUVySsBss/VZ3WdoPkCrA==",
      "requires": {
        "tslib": "~2.3.0"
      }
    },
    "@graphql-tools/wrap": {
      "version": "8.4.9",
      "resolved": "https://registry.npmjs.org/@graphql-tools/wrap/-/wrap-8.4.9.tgz",
      "integrity": "sha512-YFb34itVWyE3sMifvPRqvYjXYpjJle2hkq9nIELQOumc1yqxT7jf/+YnNZalS1DoOdWn4GbDmqO/uljf6AuuDA==",
      "requires": {
        "@graphql-tools/delegate": "8.7.0",
        "@graphql-tools/schema": "8.3.5",
        "@graphql-tools/utils": "8.6.5",
        "tslib": "~2.3.0",
        "value-or-promise": "1.0.11"
      }
    },
    "base64-js": {
      "version": "1.5.1",
      "resolved": "https://registry.npmjs.org/base64-js/-/base64-js-1.5.1.tgz",
      "integrity": "sha512-AKpaYlHn8t4SVbOHCy+b5+KKgvR4vrsD8vbvrbiQJps7fKDTkjkDry6ji0rUJjC0kzbNePLwzxq8iypo41qeWA=="
    },
    "buffer": {
      "version": "6.0.3",
      "resolved": "https://registry.npmjs.org/buffer/-/buffer-6.0.3.tgz",
      "integrity": "sha512-FTiCpNxtwiZZHEZbcbTIcZjERVICn9yq/pDFkTl95/AxzD1naBctN7YO68riM/gLSDY7sdrMby8hofADYuuqOA==",
      "requires": {
        "base64-js": "^1.3.1",
        "ieee754": "^1.2.1"
      }
    },
    "core-js": {
      "version": "3.27.1",
      "resolved": "https://registry.npmjs.org/core-js/-/core-js-3.27.1.tgz",
      "integrity": "sha512-GutwJLBChfGCpwwhbYoqfv03LAfmiz7e7D/BNxzeMxwQf10GRSzqiOjx7AmtEk+heiD/JWmBuyBPgFtx0Sg1ww=="
    },
    "dataloader": {
      "version": "2.0.0",
      "resolved": "https://registry.npmjs.org/dataloader/-/dataloader-2.0.0.tgz",
      "integrity": "sha512-YzhyDAwA4TaQIhM5go+vCLmU0UikghC/t9DTQYZR2M/UvZ1MdOhPezSDZcjj9uqQJOMqjLcpWtyW2iNINdlatQ=="
    },
    "dependency-graph": {
      "version": "0.11.0",
      "resolved": "https://registry.npmjs.org/dependency-graph/-/dependency-graph-0.11.0.tgz",
      "integrity": "sha512-JeMq7fEshyepOWDfcfHK06N3MhyPhz++vtqWhMT5O9A3K42rdsEDpfdVqjaqaAhsw6a+ZqeDvQVtD0hFHQWrzg=="
    },
    "google-protobuf": {
      "version": "3.21.2",
      "resolved": "https://registry.npmjs.org/google-protobuf/-/google-protobuf-3.21.2.tgz",
      "integrity": "sha512-3MSOYFO5U9mPGikIYCzK0SaThypfGgS6bHqrUGXG3DPHCrb+txNqeEcns1W0lkGfk0rCyNXm7xB9rMxnCiZOoA=="
    },
    "graphql": {
      "version": "15.8.0",
      "resolved": "https://registry.npmjs.org/graphql/-/graphql-15.8.0.tgz",
      "integrity": "sha512-5gghUc24tP9HRznNpV2+FIoq3xKkj5dTQqf4v0CpdPbFVwFkWoxOM+o+2OC9ZSvjEMTjfmG9QT+gcvggTwW1zw=="
    },
    "graphql-executor": {
      "version": "0.0.22",
      "resolved": "https://registry.npmjs.org/graphql-executor/-/graphql-executor-0.0.22.tgz",
      "integrity": "sha512-WbKSnSHFn6REKKH4T6UAwDM3mLUnYMQlQLNG0Fw+Lkb3ilCnL3m5lkJ7411LAI9sF7BvPbthovVZhsEUh9Xfag==",
      "requires": {}
    },
    "ieee754": {
      "version": "1.2.1",
      "resolved": "https://registry.npmjs.org/ieee754/-/ieee754-1.2.1.tgz",
      "integrity": "sha512-dcyqhDvX1C46lXZcVqCpK+FtMRQVdIMN6/Df5js2zouUsqG7I6sFxitIC+7KYK29KdXOLHdu9zL4sFnoVQnqaA=="
    },
    "object-inspect": {
      "version": "1.10.3",
      "resolved": "https://registry.npmjs.org/object-inspect/-/object-inspect-1.10.3.tgz",
      "integrity": "sha512-e5mCJlSH7poANfC8z8S9s9S2IN5/4Zb3aZ33f5s8YqoazCFzNLloLU8r5VCG+G7WoqLvAAZoVMcy3tp/3X0Plw=="
    },
    "tslib": {
      "version": "2.3.1",
      "resolved": "https://registry.npmjs.org/tslib/-/tslib-2.3.1.tgz",
      "integrity": "sha512-77EbyPPpMz+FRFRuAFlWMtmgUWGe9UOG2Z25NqCwiIjRhOf5iKGuzSe5P2w1laq+FkRy4p+PCuVkJSGkzTEKVw=="
    },
    "value-or-promise": {
      "version": "1.0.11",
      "resolved": "https://registry.npmjs.org/value-or-promise/-/value-or-promise-1.0.11.tgz",
      "integrity": "sha512-41BrgH+dIbCFXClcSapVs5M6GkENd3gQOJpEfPDNa71LsUGMXDL0jMWpI/Rh7WhX+Aalfz2TTS3Zt5pUsbnhLg=="
    }
  }
}
